version = 1
revision = 3
requires-python = ">=3.11"

[[package]]
name = "mazegenerator"
version = "2.0.2"
source = { path = "wheels/mazegenerator-2.0.2-py3-none-any.whl" }
wheels = [
    { filename = "mazegenerator-2.0.2-py3-none-any.whl", hash = "sha256:88b5b212ae1a90faa8aa6f8518abe6968a30be071cddbdd02f8c52c6936c209e" },
]

[[package]]
name = "pacman"
version = "0.1.0"
source = { virtual = "." }
dependencies = [
    { name = "mazegenerator" },
]

[package.metadata]
requires-dist = [{ name = "mazegenerator", path = "wheels/mazegenerator-2.0.2-py3-none-any.whl" }]
